
Microsoft Visual Studio Solution File, Format Version 12.00
# Visual Studio Version 17
VisualStudioVersion = 17.12.35527.113
MinimumVisualStudioVersion = 10.0.40219.1
Project("{2150E333-8FDC-42A3-9474-1A3956D46DE8}") = "Core", "Core", "{97952836-3FF4-4776-A8CA-E19911AA8926}"
EndProject
Project("{2150E333-8FDC-42A3-9474-1A3956D46DE8}") = "Infrastructure", "Infrastructure", "{147AC2F4-A5CC-454A-86F6-E122ADDF0F78}"
EndProject
Project("{2150E333-8FDC-42A3-9474-1A3956D46DE8}") = "Presentation", "Presentation", "{696EDDF2-4230-41F9-9EA5-CC2D41BCB0D2}"
EndProject
Project("{2150E333-8FDC-42A3-9474-1A3956D46DE8}") = "Requirements", "Requirements", "{90FFB571-5798-4020-B505-CD4F4BAF0EC2}"
EndProject
Project("{FAE04EC0-301F-11D3-BF4B-00C04F79EFBC}") = "yukumyolda.Domain", "Core\yukumyolda.Domain\yukumyolda.Domain.csproj", "{7B92FAD0-480A-4A54-ACBA-67CA0A15EDA6}"
EndProject
Project("{FAE04EC0-301F-11D3-BF4B-00C04F79EFBC}") = "yukumyolda.Persistence", "Infrastructure\yukumyolda.Persistence\yukumyolda.Persistence.csproj", "{3A85C203-1BE4-4A27-BE21-B28C9DDF39B0}"
EndProject
Project("{FAE04EC0-301F-11D3-BF4B-00C04F79EFBC}") = "yukumyolda.WebApi", "Presentation\yukumyolda.WebApi\yukumyolda.WebApi.csproj", "{AAFECB1A-2171-43F3-9C37-4D7B3747401B}"
EndProject
Project("{FAE04EC0-301F-11D3-BF4B-00C04F79EFBC}") = "yukumyolda.Application", "Core\yukumyolda.Application\yukumyolda.Application.csproj", "{150F91D1-686B-43C6-BC44-EFEBF299DD09}"
EndProject
Project("{FAE04EC0-301F-11D3-BF4B-00C04F79EFBC}") = "yukumyolda.Infrastructure", "Infrastructure\yukumyolda.Infrastructure\yukumyolda.Infrastructure.csproj", "{E842A79F-E99C-403B-9314-40E5478D9E13}"
EndProject
Global
	GlobalSection(SolutionConfigurationPlatforms) = preSolution
		Debug|Any CPU = Debug|Any CPU
		Release|Any CPU = Release|Any CPU
	EndGlobalSection
	GlobalSection(ProjectConfigurationPlatforms) = postSolution
		{7B92FAD0-480A-4A54-ACBA-67CA0A15EDA6}.Debug|Any CPU.ActiveCfg = Debug|Any CPU
		{7B92FAD0-480A-4A54-ACBA-67CA0A15EDA6}.Debug|Any CPU.Build.0 = Debug|Any CPU
		{7B92FAD0-480A-4A54-ACBA-67CA0A15EDA6}.Release|Any CPU.ActiveCfg = Release|Any CPU
		{7B92FAD0-480A-4A54-ACBA-67CA0A15EDA6}.Release|Any CPU.Build.0 = Release|Any CPU
		{3A85C203-1BE4-4A27-BE21-B28C9DDF39B0}.Debug|Any CPU.ActiveCfg = Debug|Any CPU
		{3A85C203-1BE4-4A27-BE21-B28C9DDF39B0}.Debug|Any CPU.Build.0 = Debug|Any CPU
		{3A85C203-1BE4-4A27-BE21-B28C9DDF39B0}.Release|Any CPU.ActiveCfg = Release|Any CPU
		{3A85C203-1BE4-4A27-BE21-B28C9DDF39B0}.Release|Any CPU.Build.0 = Release|Any CPU
		{AAFECB1A-2171-43F3-9C37-4D7B3747401B}.Debug|Any CPU.ActiveCfg = Debug|Any CPU
		{AAFECB1A-2171-43F3-9C37-4D7B3747401B}.Debug|Any CPU.Build.0 = Debug|Any CPU
		{AAFECB1A-2171-43F3-9C37-4D7B3747401B}.Release|Any CPU.ActiveCfg = Release|Any CPU
		{AAFECB1A-2171-43F3-9C37-4D7B3747401B}.Release|Any CPU.Build.0 = Release|Any CPU
		{150F91D1-686B-43C6-BC44-EFEBF299DD09}.Debug|Any CPU.ActiveCfg = Debug|Any CPU
		{150F91D1-686B-43C6-BC44-EFEBF299DD09}.Debug|Any CPU.Build.0 = Debug|Any CPU
		{150F91D1-686B-43C6-BC44-EFEBF299DD09}.Release|Any CPU.ActiveCfg = Release|Any CPU
		{150F91D1-686B-43C6-BC44-EFEBF299DD09}.Release|Any CPU.Build.0 = Release|Any CPU
		{E842A79F-E99C-403B-9314-40E5478D9E13}.Debug|Any CPU.ActiveCfg = Debug|Any CPU
		{E842A79F-E99C-403B-9314-40E5478D9E13}.Debug|Any CPU.Build.0 = Debug|Any CPU
		{E842A79F-E99C-403B-9314-40E5478D9E13}.Release|Any CPU.ActiveCfg = Release|Any CPU
		{E842A79F-E99C-403B-9314-40E5478D9E13}.Release|Any CPU.Build.0 = Release|Any CPU
	EndGlobalSection
	GlobalSection(SolutionProperties) = preSolution
		HideSolutionNode = FALSE
	EndGlobalSection
	GlobalSection(NestedProjects) = preSolution
		{7B92FAD0-480A-4A54-ACBA-67CA0A15EDA6} = {97952836-3FF4-4776-A8CA-E19911AA8926}
		{3A85C203-1BE4-4A27-BE21-B28C9DDF39B0} = {147AC2F4-A5CC-454A-86F6-E122ADDF0F78}
		{AAFECB1A-2171-43F3-9C37-4D7B3747401B} = {696EDDF2-4230-41F9-9EA5-CC2D41BCB0D2}
		{150F91D1-686B-43C6-BC44-EFEBF299DD09} = {97952836-3FF4-4776-A8CA-E19911AA8926}
		{E842A79F-E99C-403B-9314-40E5478D9E13} = {147AC2F4-A5CC-454A-86F6-E122ADDF0F78}
	EndGlobalSection
EndGlobal
